// !$*UTF8*$!
{
	archiveVersion = 1;
	classes = {
	};
	objectVersion = 50;
	objects = {

/* Begin PBXBuildFile section */
		6C7EBCD0219B249500B093BA /* AppDelegate.swift in Sources */ = {isa = PBXBuildFile; fileRef = 6C7EBCCF219B249500B093BA /* AppDelegate.swift */; };
		6C7EBCD2219B249500B093BA /* ViewController.swift in Sources */ = {isa = PBXBuildFile; fileRef = 6C7EBCD1219B249500B093BA /* ViewController.swift */; };
		6C7EBCD5219B249500B093BA /* Main.storyboard in Resources */ = {isa = PBXBuildFile; fileRef = 6C7EBCD3219B249500B093BA /* Main.storyboard */; };
		6C7EBCD7219B249600B093BA /* Assets.xcassets in Resources */ = {isa = PBXBuildFile; fileRef = 6C7EBCD6219B249600B093BA /* Assets.xcassets */; };
		6C7EBCDA219B249600B093BA /* LaunchScreen.storyboard in Resources */ = {isa = PBXBuildFile; fileRef = 6C7EBCD8219B249600B093BA /* LaunchScreen.storyboard */; };
		6C7EBCE5219B249600B093BA /* TSToolKitDemoTests.swift in Sources */ = {isa = PBXBuildFile; fileRef = 6C7EBCE4219B249600B093BA /* TSToolKitDemoTests.swift */; };
		6C7EBCF0219B249700B093BA /* TSToolKitDemoUITests.swift in Sources */ = {isa = PBXBuildFile; fileRef = 6C7EBCEF219B249700B093BA /* TSToolKitDemoUITests.swift */; };
		6C7EBCFE219B24AB00B093BA /* Podfile in Resources */ = {isa = PBXBuildFile; fileRef = 6C7EBCFD219B24AB00B093BA /* Podfile */; };
		F6D17729BC1767E905ABC11E /* Pods_TSToolKitDemo.framework in Frameworks */ = {isa = PBXBuildFile; fileRef = 3788609974BFAF5C1F871E7B /* Pods_TSToolKitDemo.framework */; };
/* End PBXBuildFile section */

/* Begin PBXContainerItemProxy section */
		6C7EBCE1219B249600B093BA /* PBXContainerItemProxy */ = {
			isa = PBXContainerItemProxy;
			containerPortal = 6C7EBCC4219B249500B093BA /* Project object */;
			proxyType = 1;
			remoteGlobalIDString = 6C7EBCCB219B249500B093BA;
			remoteInfo = TSToolKitDemo;
		};
		6C7EBCEC219B249700B093BA /* PBXContainerItemProxy */ = {
			isa = PBXContainerItemProxy;
			containerPortal = 6C7EBCC4219B249500B093BA /* Project object */;
			proxyType = 1;
			remoteGlobalIDString = 6C7EBCCB219B249500B093BA;
			remoteInfo = TSToolKitDemo;
		};
/* End PBXContainerItemProxy section */

/* Begin PBXFileReference section */
		3788609974BFAF5C1F871E7B /* Pods_TSToolKitDemo.framework */ = {isa = PBXFileReference; explicitFileType = wrapper.framework; includeInIndex = 0; path = Pods_TSToolKitDemo.framework; sourceTree = BUILT_PRODUCTS_DIR; };
		6C7EBCCC219B249500B093BA /* TSToolKitDemo.app */ = {isa = PBXFileReference; explicitFileType = wrapper.application; includeInIndex = 0; path = TSToolKitDemo.app; sourceTree = BUILT_PRODUCTS_DIR; };
		6C7EBCCF219B249500B093BA /* AppDelegate.swift */ = {isa = PBXFileReference; lastKnownFileType = sourcecode.swift; path = AppDelegate.swift; sourceTree = "<group>"; };
		6C7EBCD1219B249500B093BA /* ViewController.swift */ = {isa = PBXFileReference; lastKnownFileType = sourcecode.swift; path = ViewController.swift; sourceTree = "<group>"; };
		6C7EBCD4219B249500B093BA /* Base */ = {isa = PBXFileReference; lastKnownFileType = file.storyboard; name = Base; path = Base.lproj/Main.storyboard; sourceTree = "<group>"; };
		6C7EBCD6219B249600B093BA /* Assets.xcassets */ = {isa = PBXFileReference; lastKnownFileType = folder.assetcatalog; path = Assets.xcassets; sourceTree = "<group>"; };
		6C7EBCD9219B249600B093BA /* Base */ = {isa = PBXFileReference; lastKnownFileType = file.storyboard; name = Base; path = Base.lproj/LaunchScreen.storyboard; sourceTree = "<group>"; };
		6C7EBCDB219B249600B093BA /* Info.plist */ = {isa = PBXFileReference; lastKnownFileType = text.plist.xml; path = Info.plist; sourceTree = "<group>"; };
		6C7EBCE0219B249600B093BA /* TSToolKitDemoTests.xctest */ = {isa = PBXFileReference; explicitFileType = wrapper.cfbundle; includeInIndex = 0; path = TSToolKitDemoTests.xctest; sourceTree = BUILT_PRODUCTS_DIR; };
		6C7EBCE4219B249600B093BA /* TSToolKitDemoTests.swift */ = {isa = PBXFileReference; lastKnownFileType = sourcecode.swift; path = TSToolKitDemoTests.swift; sourceTree = "<group>"; };
		6C7EBCE6219B249600B093BA /* Info.plist */ = {isa = PBXFileReference; lastKnownFileType = text.plist.xml; path = Info.plist; sourceTree = "<group>"; };
		6C7EBCEB219B249700B093BA /* TSToolKitDemoUITests.xctest */ = {isa = PBXFileReference; explicitFileType = wrapper.cfbundle; includeInIndex = 0; path = TSToolKitDemoUITests.xctest; sourceTree = BUILT_PRODUCTS_DIR; };
		6C7EBCEF219B249700B093BA /* TSToolKitDemoUITests.swift */ = {isa = PBXFileReference; lastKnownFileType = sourcecode.swift; path = TSToolKitDemoUITests.swift; sourceTree = "<group>"; };
		6C7EBCF1219B249700B093BA /* Info.plist */ = {isa = PBXFileReference; lastKnownFileType = text.plist.xml; path = Info.plist; sourceTree = "<group>"; };
		6C7EBCFD219B24AB00B093BA /* Podfile */ = {isa = PBXFileReference; lastKnownFileType = text; path = Podfile; sourceTree = "<group>"; };
		A5E808364D162E71108F9116 /* Pods-TSToolKitDemo.release.xcconfig */ = {isa = PBXFileReference; includeInIndex = 1; lastKnownFileType = text.xcconfig; name = "Pods-TSToolKitDemo.release.xcconfig"; path = "Pods/Target Support Files/Pods-TSToolKitDemo/Pods-TSToolKitDemo.release.xcconfig"; sourceTree = "<group>"; };
		F3C2DD7BF24FBC1FE4CBBF80 /* Pods-TSToolKitDemo.debug.xcconfig */ = {isa = PBXFileReference; includeInIndex = 1; lastKnownFileType = text.xcconfig; name = "Pods-TSToolKitDemo.debug.xcconfig"; path = "Pods/Target Support Files/Pods-TSToolKitDemo/Pods-TSToolKitDemo.debug.xcconfig"; sourceTree = "<group>"; };
/* End PBXFileReference section */

/* Begin PBXFrameworksBuildPhase section */
		6C7EBCC9219B249500B093BA /* Frameworks */ = {
			isa = PBXFrameworksBuildPhase;
			buildActionMask = 2147483647;
			files = (
				F6D17729BC1767E905ABC11E /* Pods_TSToolKitDemo.framework in Frameworks */,
			);
			runOnlyForDeploymentPostprocessing = 0;
		};
		6C7EBCDD219B249600B093BA /* Frameworks */ = {
			isa = PBXFrameworksBuildPhase;
			buildActionMask = 2147483647;
			files = (
			);
			runOnlyForDeploymentPostprocessing = 0;
		};
		6C7EBCE8219B249700B093BA /* Frameworks */ = {
			isa = PBXFrameworksBuildPhase;
			buildActionMask = 2147483647;
			files = (
			);
			runOnlyForDeploymentPostprocessing = 0;
		};
/* End PBXFrameworksBuildPhase section */

/* Begin PBXGroup section */
		32E588F89C66BF4521861C1F /* Pods */ = {
			isa = PBXGroup;
			children = (
				F3C2DD7BF24FBC1FE4CBBF80 /* Pods-TSToolKitDemo.debug.xcconfig */,
				A5E808364D162E71108F9116 /* Pods-TSToolKitDemo.release.xcconfig */,
			);
			name = Pods;
			sourceTree = "<group>";
		};
		6C7EBCC3219B249500B093BA = {
			isa = PBXGroup;
			children = (
				6C7EBCFD219B24AB00B093BA /* Podfile */,
				6C7EBCCE219B249500B093BA /* TSToolKitDemo */,
				6C7EBCE3219B249600B093BA /* TSToolKitDemoTests */,
				6C7EBCEE219B249700B093BA /* TSToolKitDemoUITests */,
				6C7EBCCD219B249500B093BA /* Products */,
				32E588F89C66BF4521861C1F /* Pods */,
				DE4DDA833C4F4544CE832978 /* Frameworks */,
			);
			sourceTree = "<group>";
		};
		6C7EBCCD219B249500B093BA /* Products */ = {
			isa = PBXGroup;
			children = (
				6C7EBCCC219B249500B093BA /* TSToolKitDemo.app */,
				6C7EBCE0219B249600B093BA /* TSToolKitDemoTests.xctest */,
				6C7EBCEB219B249700B093BA /* TSToolKitDemoUITests.xctest */,
			);
			name = Products;
			sourceTree = "<group>";
		};
		6C7EBCCE219B249500B093BA /* TSToolKitDemo */ = {
			isa = PBXGroup;
			children = (
				6C7EBCCF219B249500B093BA /* AppDelegate.swift */,
				6C7EBCD1219B249500B093BA /* ViewController.swift */,
				6C7EBCD3219B249500B093BA /* Main.storyboard */,
				6C7EBCD6219B249600B093BA /* Assets.xcassets */,
				6C7EBCD8219B249600B093BA /* LaunchScreen.storyboard */,
				6C7EBCDB219B249600B093BA /* Info.plist */,
			);
			path = TSToolKitDemo;
			sourceTree = "<group>";
		};
		6C7EBCE3219B249600B093BA /* TSToolKitDemoTests */ = {
			isa = PBXGroup;
			children = (
				6C7EBCE4219B249600B093BA /* TSToolKitDemoTests.swift */,
				6C7EBCE6219B249600B093BA /* Info.plist */,
			);
			path = TSToolKitDemoTests;
			sourceTree = "<group>";
		};
		6C7EBCEE219B249700B093BA /* TSToolKitDemoUITests */ = {
			isa = PBXGroup;
			children = (
				6C7EBCEF219B249700B093BA /* TSToolKitDemoUITests.swift */,
				6C7EBCF1219B249700B093BA /* Info.plist */,
			);
			path = TSToolKitDemoUITests;
			sourceTree = "<group>";
		};
		DE4DDA833C4F4544CE832978 /* Frameworks */ = {
			isa = PBXGroup;
			children = (
				3788609974BFAF5C1F871E7B /* Pods_TSToolKitDemo.framework */,
			);
			name = Frameworks;
			sourceTree = "<group>";
		};
/* End PBXGroup section */

/* Begin PBXNativeTarget section */
		6C7EBCCB219B249500B093BA /* TSToolKitDemo */ = {
			isa = PBXNativeTarget;
			buildConfigurationList = 6C7EBCF4219B249700B093BA /* Build configuration list for PBXNativeTarget "TSToolKitDemo" */;
			buildPhases = (
				0BE0D8E0BB39AC298551282A /* [CP] Check Pods Manifest.lock */,
				6C7EBCC8219B249500B093BA /* Sources */,
				6C7EBCC9219B249500B093BA /* Frameworks */,
				6C7EBCCA219B249500B093BA /* Resources */,
				3FCB07647BFA3B4D5177BB76 /* [CP] Embed Pods Frameworks */,
			);
			buildRules = (
			);
			dependencies = (
			);
			name = TSToolKitDemo;
			productName = TSToolKitDemo;
			productReference = 6C7EBCCC219B249500B093BA /* TSToolKitDemo.app */;
			productType = "com.apple.product-type.application";
		};
		6C7EBCDF219B249600B093BA /* TSToolKitDemoTests */ = {
			isa = PBXNativeTarget;
			buildConfigurationList = 6C7EBCF7219B249700B093BA /* Build configuration list for PBXNativeTarget "TSToolKitDemoTests" */;
			buildPhases = (
				6C7EBCDC219B249600B093BA /* Sources */,
				6C7EBCDD219B249600B093BA /* Frameworks */,
				6C7EBCDE219B249600B093BA /* Resources */,
			);
			buildRules = (
			);
			dependencies = (
				6C7EBCE2219B249600B093BA /* PBXTargetDependency */,
			);
			name = TSToolKitDemoTests;
			productName = TSToolKitDemoTests;
			productReference = 6C7EBCE0219B249600B093BA /* TSToolKitDemoTests.xctest */;
			productType = "com.apple.product-type.bundle.unit-test";
		};
		6C7EBCEA219B249700B093BA /* TSToolKitDemoUITests */ = {
			isa = PBXNativeTarget;
			buildConfigurationList = 6C7EBCFA219B249700B093BA /* Build configuration list for PBXNativeTarget "TSToolKitDemoUITests" */;
			buildPhases = (
				6C7EBCE7219B249700B093BA /* Sources */,
				6C7EBCE8219B249700B093BA /* Frameworks */,
				6C7EBCE9219B249700B093BA /* Resources */,
			);
			buildRules = (
			);
			dependencies = (
				6C7EBCED219B249700B093BA /* PBXTargetDependency */,
			);
			name = TSToolKitDemoUITests;
			productName = TSToolKitDemoUITests;
			productReference = 6C7EBCEB219B249700B093BA /* TSToolKitDemoUITests.xctest */;
			productType = "com.apple.product-type.bundle.ui-testing";
		};
/* End PBXNativeTarget section */

/* Begin PBXProject section */
		6C7EBCC4219B249500B093BA /* Project object */ = {
			isa = PBXProject;
			attributes = {
				LastSwiftUpdateCheck = 1010;
				LastUpgradeCheck = 1010;
				ORGANIZATIONNAME = "three stone 王";
				TargetAttributes = {
					6C7EBCCB219B249500B093BA = {
						CreatedOnToolsVersion = 10.1;
					};
					6C7EBCDF219B249600B093BA = {
						CreatedOnToolsVersion = 10.1;
						TestTargetID = 6C7EBCCB219B249500B093BA;
					};
					6C7EBCEA219B249700B093BA = {
						CreatedOnToolsVersion = 10.1;
						TestTargetID = 6C7EBCCB219B249500B093BA;
					};
				};
			};
			buildConfigurationList = 6C7EBCC7219B249500B093BA /* Build configuration list for PBXProject "TSToolKitDemo" */;
			compatibilityVersion = "Xcode 9.3";
			developmentRegion = en;
			hasScannedForEncodings = 0;
			knownRegions = (
				en,
				Base,
			);
			mainGroup = 6C7EBCC3219B249500B093BA;
			productRefGroup = 6C7EBCCD219B249500B093BA /* Products */;
			projectDirPath = "";
			projectRoot = "";
			targets = (
				6C7EBCCB219B249500B093BA /* TSToolKitDemo */,
				6C7EBCDF219B249600B093BA /* TSToolKitDemoTests */,
				6C7EBCEA219B249700B093BA /* TSToolKitDemoUITests */,
			);
		};
/* End PBXProject section */

/* Begin PBXResourcesBuildPhase section */
		6C7EBCCA219B249500B093BA /* Resources */ = {
			isa = PBXResourcesBuildPhase;
			buildActionMask = 2147483647;
			files = (
				6C7EBCDA219B249600B093BA /* LaunchScreen.storyboard in Resources */,
				6C7EBCD7219B249600B093BA /* Assets.xcassets in Resources */,
				6C7EBCFE219B24AB00B093BA /* Podfile in Resources */,
				6C7EBCD5219B249500B093BA /* Main.storyboard in Resources */,
			);
			runOnlyForDeploymentPostprocessing = 0;
		};
		6C7EBCDE219B249600B093BA /* Resources */ = {
			isa = PBXResourcesBuildPhase;
			buildActionMask = 2147483647;
			files = (
			);
			runOnlyForDeploymentPostprocessing = 0;
		};
		6C7EBCE9219B249700B093BA /* Resources */ = {
			isa = PBXResourcesBuildPhase;
			buildActionMask = 2147483647;
			files = (
			);
			runOnlyForDeploymentPostprocessing = 0;
		};
/* End PBXResourcesBuildPhase section */

/* Begin PBXShellScriptBuildPhase section */
		0BE0D8E0BB39AC298551282A /* [CP] Check Pods Manifest.lock */ = {
			isa = PBXShellScriptBuildPhase;
			buildActionMask = 2147483647;
			files = (
			);
			inputFileListPaths = (
			);
			inputPaths = (
				"${PODS_PODFILE_DIR_PATH}/Podfile.lock",
				"${PODS_ROOT}/Manifest.lock",
			);
			name = "[CP] Check Pods Manifest.lock";
			outputFileListPaths = (
			);
			outputPaths = (
				"$(DERIVED_FILE_DIR)/Pods-TSToolKitDemo-checkManifestLockResult.txt",
			);
			runOnlyForDeploymentPostprocessing = 0;
			shellPath = /bin/sh;
			shellScript = "diff \"${PODS_PODFILE_DIR_PATH}/Podfile.lock\" \"${PODS_ROOT}/Manifest.lock\" > /dev/null\nif [ $? != 0 ] ; then\n    # print error to STDERR\n    echo \"error: The sandbox is not in sync with the Podfile.lock. Run 'pod install' or update your CocoaPods installation.\" >&2\n    exit 1\nfi\n# This output is used by Xcode 'outputs' to avoid re-running this script phase.\necho \"SUCCESS\" > \"${SCRIPT_OUTPUT_FILE_0}\"\n";
			showEnvVarsInLog = 0;
		};
		3FCB07647BFA3B4D5177BB76 /* [CP] Embed Pods Frameworks */ = {
			isa = PBXShellScriptBuildPhase;
			buildActionMask = 2147483647;
			files = (
			);
			inputFileListPaths = (
			);
			inputPaths = (
				"${SRCROOT}/Pods/Target Support Files/Pods-TSToolKitDemo/Pods-TSToolKitDemo-frameworks.sh",
				"${BUILT_PRODUCTS_DIR}/TSToolKit_Swift/TSToolKit_Swift.framework",
			);
			name = "[CP] Embed Pods Frameworks";
			outputFileListPaths = (
			);
			outputPaths = (
				"${TARGET_BUILD_DIR}/${FRAMEWORKS_FOLDER_PATH}/TSToolKit_Swift.framework",
			);
			runOnlyForDeploymentPostprocessing = 0;
			shellPath = /bin/sh;
			shellScript = "\"${SRCROOT}/Pods/Target Support Files/Pods-TSToolKitDemo/Pods-TSToolKitDemo-frameworks.sh\"\n";
			showEnvVarsInLog = 0;
		};
/* End PBXShellScriptBuildPhase section */

/* Begin PBXSourcesBuildPhase section */
		6C7EBCC8219B249500B093BA /* Sources */ = {
			isa = PBXSourcesBuildPhase;
			buildActionMask = 2147483647;
			files = (
				6C7EBCD2219B249500B093BA /* ViewController.swift in Sources */,
				6C7EBCD0219B249500B093BA /* AppDelegate.swift in Sources */,
			);
			runOnlyForDeploymentPostprocessing = 0;
		};
		6C7EBCDC219B249600B093BA /* Sources */ = {
			isa = PBXSourcesBuildPhase;
			buildActionMask = 2147483647;
			files = (
				6C7EBCE5219B249600B093BA /* TSToolKitDemoTests.swift in Sources */,
			);
			runOnlyForDeploymentPostprocessing = 0;
		};
		6C7EBCE7219B249700B093BA /* Sources */ = {
			isa = PBXSourcesBuildPhase;
			buildActionMask = 2147483647;
			files = (
				6C7EBCF0219B249700B093BA /* TSToolKitDemoUITests.swift in Sources */,
			);
			runOnlyForDeploymentPostprocessing = 0;
		};
/* End PBXSourcesBuildPhase section */

/* Begin PBXTargetDependency section */
		6C7EBCE2219B249600B093BA /* PBXTargetDependency */ = {
			isa = PBXTargetDependency;
			target = 6C7EBCCB219B249500B093BA /* TSToolKitDemo */;
			targetProxy = 6C7EBCE1219B249600B093BA /* PBXContainerItemProxy */;
		};
		6C7EBCED219B249700B093BA /* PBXTargetDependency */ = {
			isa = PBXTargetDependency;
			target = 6C7EBCCB219B249500B093BA /* TSToolKitDemo */;
			targetProxy = 6C7EBCEC219B249700B093BA /* PBXContainerItemProxy */;
		};
/* End PBXTargetDependency section */

/* Begin PBXVariantGroup section */
		6C7EBCD3219B249500B093BA /* Main.storyboard */ = {
			isa = PBXVariantGroup;
			children = (
				6C7EBCD4219B249500B093BA /* Base */,
			);
			name = Main.storyboard;
			sourceTree = "<group>";
		};
		6C7EBCD8219B249600B093BA /* LaunchScreen.storyboard */ = {
			isa = PBXVariantGroup;
			children = (
				6C7EBCD9219B249600B093BA /* Base */,
			);
			name = LaunchScreen.storyboard;
			sourceTree = "<group>";
		};
/* End PBXVariantGroup section */

/* Begin XCBuildConfiguration section */
		6C7EBCF2219B249700B093BA /* Debug */ = {
			isa = XCBuildConfiguration;
			buildSettings = {
				ALWAYS_SEARCH_USER_PATHS = NO;
				CLANG_ANALYZER_NONNULL = YES;
				CLANG_ANALYZER_NUMBER_OBJECT_CONVERSION = YES_AGGRESSIVE;
				CLANG_CXX_LANGUAGE_STANDARD = "gnu++14";
				CLANG_CXX_LIBRARY = "libc++";
				CLANG_ENABLE_MODULES = YES;
				CLANG_ENABLE_OBJC_ARC = YES;
				CLANG_ENABLE_OBJC_WEAK = YES;
				CLANG_WARN_BLOCK_CAPTURE_AUTORELEASING = YES;
				CLANG_WARN_BOOL_CONVERSION = YES;
				CLANG_WARN_COMMA = YES;
				CLANG_WARN_CONSTANT_CONVERSION = YES;
				CLANG_WARN_DEPRECATED_OBJC_IMPLEMENTATIONS = YES;
				CLANG_WARN_DIRECT_OBJC_ISA_USAGE = YES_ERROR;
				CLANG_WARN_DOCUMENTATION_COMMENTS = YES;
				CLANG_WARN_EMPTY_BODY = YES;
				CLANG_WARN_ENUM_CONVERSION = YES;
				CLANG_WARN_INFINITE_RECURSION = YES;
				CLANG_WARN_INT_CONVERSION = YES;
				CLANG_WARN_NON_LITERAL_NULL_CONVERSION = YES;
				CLANG_WARN_OBJC_IMPLICIT_RETAIN_SELF = YES;
				CLANG_WARN_OBJC_LITERAL_CONVERSION = YES;
				CLANG_WARN_OBJC_ROOT_CLASS = YES_ERROR;
				CLANG_WARN_RANGE_LOOP_ANALYSIS = YES;
				CLANG_WARN_STRICT_PROTOTYPES = YES;
				CLANG_WARN_SUSPICIOUS_MOVE = YES;
				CLANG_WARN_UNGUARDED_AVAILABILITY = YES_AGGRESSIVE;
				CLANG_WARN_UNREACHABLE_CODE = YES;
				CLANG_WARN__DUPLICATE_METHOD_MATCH = YES;
				CODE_SIGN_IDENTITY = "iPhone Developer";
				COPY_PHASE_STRIP = NO;
				DEBUG_INFORMATION_FORMAT = dwarf;
				ENABLE_STRICT_OBJC_MSGSEND = YES;
				ENABLE_TESTABILITY = YES;
				GCC_C_LANGUAGE_STANDARD = gnu11;
				GCC_DYNAMIC_NO_PIC = NO;
				GCC_NO_COMMON_BLOCKS = YES;
				GCC_OPTIMIZATION_LEVEL = 0;
				GCC_PREPROCESSOR_DEFINITIONS = (
					"DEBUG=1",
					"$(inherited)",
				);
				GCC_WARN_64_TO_32_BIT_CONVERSION = YES;
				GCC_WARN_ABOUT_RETURN_TYPE = YES_ERROR;
				GCC_WARN_UNDECLARED_SELECTOR = YES;
				GCC_WARN_UNINITIALIZED_AUTOS = YES_AGGRESSIVE;
				GCC_WARN_UNUSED_FUNCTION = YES;
				GCC_WARN_UNUSED_VARIABLE = YES;
				IPHONEOS_DEPLOYMENT_TARGET = 12.1;
				MTL_ENABLE_DEBUG_INFO = INCLUDE_SOURCE;
				MTL_FAST_MATH = YES;
				ONLY_ACTIVE_ARCH = YES;
				SDKROOT = iphoneos;
				SWIFT_ACTIVE_COMPILATION_CONDITIONS = DEBUG;
				SWIFT_OPTIMIZATION_LEVEL = "-Onone";
			};
			name = Debug;
		};
		6C7EBCF3219B249700B093BA /* Release */ = {
			isa = XCBuildConfiguration;
			buildSettings = {
				ALWAYS_SEARCH_USER_PATHS = NO;
				CLANG_ANALYZER_NONNULL = YES;
				CLANG_ANALYZER_NUMBER_OBJECT_CONVERSION = YES_AGGRESSIVE;
				CLANG_CXX_LANGUAGE_STANDARD = "gnu++14";
				CLANG_CXX_LIBRARY = "libc++";
				CLANG_ENABLE_MODULES = YES;
				CLANG_ENABLE_OBJC_ARC = YES;
				CLANG_ENABLE_OBJC_WEAK = YES;
				CLANG_WARN_BLOCK_CAPTURE_AUTORELEASING = YES;
				CLANG_WARN_BOOL_CONVERSION = YES;
				CLANG_WARN_COMMA = YES;
				CLANG_WARN_CONSTANT_CONVERSION = YES;
				CLANG_WARN_DEPRECATED_OBJC_IMPLEMENTATIONS = YES;
				CLANG_WARN_DIRECT_OBJC_ISA_USAGE = YES_ERROR;
				CLANG_WARN_DOCUMENTATION_COMMENTS = YES;
				CLANG_WARN_EMPTY_BODY = YES;
				CLANG_WARN_ENUM_CONVERSION = YES;
				CLANG_WARN_INFINITE_RECURSION = YES;
				CLANG_WARN_INT_CONVERSION = YES;
				CLANG_WARN_NON_LITERAL_NULL_CONVERSION = YES;
				CLANG_WARN_OBJC_IMPLICIT_RETAIN_SELF = YES;
				CLANG_WARN_OBJC_LITERAL_CONVERSION = YES;
				CLANG_WARN_OBJC_ROOT_CLASS = YES_ERROR;
				CLANG_WARN_RANGE_LOOP_ANALYSIS = YES;
				CLANG_WARN_STRICT_PROTOTYPES = YES;
				CLANG_WARN_SUSPICIOUS_MOVE = YES;
				CLANG_WARN_UNGUARDED_AVAILABILITY = YES_AGGRESSIVE;
				CLANG_WARN_UNREACHABLE_CODE = YES;
				CLANG_WARN__DUPLICATE_METHOD_MATCH = YES;
				CODE_SIGN_IDENTITY = "iPhone Developer";
				COPY_PHASE_STRIP = NO;
				DEBUG_INFORMATION_FORMAT = "dwarf-with-dsym";
				ENABLE_NS_ASSERTIONS = NO;
				ENABLE_STRICT_OBJC_MSGSEND = YES;
				GCC_C_LANGUAGE_STANDARD = gnu11;
				GCC_NO_COMMON_BLOCKS = YES;
				GCC_WARN_64_TO_32_BIT_CONVERSION = YES;
				GCC_WARN_ABOUT_RETURN_TYPE = YES_ERROR;
				GCC_WARN_UNDECLARED_SELECTOR = YES;
				GCC_WARN_UNINITIALIZED_AUTOS = YES_AGGRESSIVE;
				GCC_WARN_UNUSED_FUNCTION = YES;
				GCC_WARN_UNUSED_VARIABLE = YES;
				IPHONEOS_DEPLOYMENT_TARGET = 12.1;
				MTL_ENABLE_DEBUG_INFO = NO;
				MTL_FAST_MATH = YES;
				SDKROOT = iphoneos;
				SWIFT_COMPILATION_MODE = wholemodule;
				SWIFT_OPTIMIZATION_LEVEL = "-O";
				VALIDATE_PRODUCT = YES;
			};
			name = Release;
		};
		6C7EBCF5219B249700B093BA /* Debug */ = {
			isa = XCBuildConfiguration;
			baseConfigurationReference = F3C2DD7BF24FBC1FE4CBBF80 /* Pods-TSToolKitDemo.debug.xcconfig */;
			buildSettings = {
				ASSETCATALOG_COMPILER_APPICON_NAME = AppIcon;
				CODE_SIGN_STYLE = Automatic;
				DEVELOPMENT_TEAM = 4QQ8T96P6H;
				INFOPLIST_FILE = TSToolKitDemo/Info.plist;
				LD_RUNPATH_SEARCH_PATHS = (
					"$(inherited)",
					"@executable_path/Frameworks",
				);
				PRODUCT_BUNDLE_IDENTIFIER = com.JiuTouZhu.TSToolKitDemo;
				PRODUCT_NAME = "$(TARGET_NAME)";
				SWIFT_VERSION = 4.2;
				TARGETED_DEVICE_FAMILY = "1,2";
			};
			name = Debug;
		};
		6C7EBCF6219B249700B093BA /* Release */ = {
			isa = XCBuildConfiguration;
			baseConfigurationReference = A5E808364D162E71108F9116 /* Pods-TSToolKitDemo.release.xcconfig */;
			buildSettings = {
				ASSETCATALOG_COMPILER_APPICON_NAME = AppIcon;
				CODE_SIGN_STYLE = Automatic;
				DEVELOPMENT_TEAM = 4QQ8T96P6H;
				INFOPLIST_FILE = TSToolKitDemo/Info.plist;
				LD_RUNPATH_SEARCH_PATHS = (
					"$(inherited)",
					"@executable_path/Frameworks",
				);
				PRODUCT_BUNDLE_IDENTIFIER = com.JiuTouZhu.TSToolKitDemo;
				PRODUCT_NAME = "$(TARGET_NAME)";
				SWIFT_VERSION = 4.2;
				TARGETED_DEVICE_FAMILY = "1,2";
			};
			name = Release;
		};
		6C7EBCF8219B249700B093BA /* Debug */ = {
			isa = XCBuildConfiguration;
			buildSettings = {
				ALWAYS_EMBED_SWIFT_STANDARD_LIBRARIES = YES;
				BUNDLE_LOADER = "$(TEST_HOST)";
				CODE_SIGN_STYLE = Automatic;
				DEVELOPMENT_TEAM = 4QQ8T96P6H;
				INFOPLIST_FILE = TSToolKitDemoTests/Info.plist;
				LD_RUNPATH_SEARCH_PATHS = (
					"$(inherited)",
					"@executable_path/Frameworks",
					"@loader_path/Frameworks",
				);
				PRODUCT_BUNDLE_IDENTIFIER = com.JiuTouZhu.TSToolKitDemoTests;
				PRODUCT_NAME = "$(TARGET_NAME)";
				SWIFT_VERSION = 4.2;
				TARGETED_DEVICE_FAMILY = "1,2";
				TEST_HOST = "$(BUILT_PRODUCTS_DIR)/TSToolKitDemo.app/TSToolKitDemo";
			};
			name = Debug;
		};
		6C7EBCF9219B249700B093BA /* Release */ = {
			isa = XCBuildConfiguration;
			buildSettings = {
				ALWAYS_EMBED_SWIFT_STANDARD_LIBRARIES = YES;
				BUNDLE_LOADER = "$(TEST_HOST)";
				CODE_SIGN_STYLE = Automatic;
				DEVELOPMENT_TEAM = 4QQ8T96P6H;
				INFOPLIST_FILE = TSToolKitDemoTests/Info.plist;
				LD_RUNPATH_SEARCH_PATHS = (
					"$(inherited)",
					"@executable_path/Frameworks",
					"@loader_path/Frameworks",
				);
				PRODUCT_BUNDLE_IDENTIFIER = com.JiuTouZhu.TSToolKitDemoTests;
				PRODUCT_NAME = "$(TARGET_NAME)";
				SWIFT_VERSION = 4.2;
				TARGETED_DEVICE_FAMILY = "1,2";
				TEST_HOST = "$(BUILT_PRODUCTS_DIR)/TSToolKitDemo.app/TSToolKitDemo";
			};
			name = Release;
		};
		6C7EBCFB219B249700B093BA /* Debug */ = {
			isa = XCBuildConfiguration;
			buildSettings = {
				ALWAYS_EMBED_SWIFT_STANDARD_LIBRARIES = YES;
				CODE_SIGN_STYLE = Automatic;
				DEVELOPMENT_TEAM = 4QQ8T96P6H;
				INFOPLIST_FILE = TSToolKitDemoUITests/Info.plist;
				LD_RUNPATH_SEARCH_PATHS = (
					"$(inherited)",
					"@executable_path/Frameworks",
					"@loader_path/Frameworks",
				);
				PRODUCT_BUNDLE_IDENTIFIER = com.JiuTouZhu.TSToolKitDemoUITests;
				PRODUCT_NAME = "$(TARGET_NAME)";
				SWIFT_VERSION = 4.2;
				TARGETED_DEVICE_FAMILY = "1,2";
				TEST_TARGET_NAME = TSToolKitDemo;
			};
			name = Debug;
		};
		6C7EBCFC219B249700B093BA /* Release */ = {
			isa = XCBuildConfiguration;
			buildSettings = {
				ALWAYS_EMBED_SWIFT_STANDARD_LIBRARIES = YES;
				CODE_SIGN_STYLE = Automatic;
				DEVELOPMENT_TEAM = 4QQ8T96P6H;
				INFOPLIST_FILE = TSToolKitDemoUITests/Info.plist;
				LD_RUNPATH_SEARCH_PATHS = (
					"$(inherited)",
					"@executable_path/Frameworks",
					"@loader_path/Frameworks",
				);
				PRODUCT_BUNDLE_IDENTIFIER = com.JiuTouZhu.TSToolKitDemoUITests;
				PRODUCT_NAME = "$(TARGET_NAME)";
				SWIFT_VERSION = 4.2;
				TARGETED_DEVICE_FAMILY = "1,2";
				TEST_TARGET_NAME = TSToolKitDemo;
			};
			name = Release;
		};
/* End XCBuildConfiguration section */

/* Begin XCConfigurationList section */
		6C7EBCC7219B249500B093BA /* Build configuration list for PBXProject "TSToolKitDemo" */ = {
			isa = XCConfigurationList;
			buildConfigurations = (
				6C7EBCF2219B249700B093BA /* Debug */,
				6C7EBCF3219B249700B093BA /* Release */,
			);
			defaultConfigurationIsVisible = 0;
			defaultConfigurationName = Release;
		};
		6C7EBCF4219B249700B093BA /* Build configuration list for PBXNativeTarget "TSToolKitDemo" */ = {
			isa = XCConfigurationList;
			buildConfigurations = (
				6C7EBCF5219B249700B093BA /* Debug */,
				6C7EBCF6219B249700B093BA /* Release */,
			);
			defaultConfigurationIsVisible = 0;
			defaultConfigurationName = Release;
		};
		6C7EBCF7219B249700B093BA /* Build configuration list for PBXNativeTarget "TSToolKitDemoTests" */ = {
			isa = XCConfigurationList;
			buildConfigurations = (
				6C7EBCF8219B249700B093BA /* Debug */,
				6C7EBCF9219B249700B093BA /* Release */,
			);
			defaultConfigurationIsVisible = 0;
			defaultConfigurationName = Release;
		};
		6C7EBCFA219B249700B093BA /* Build configuration list for PBXNativeTarget "TSToolKitDemoUITests" */ = {
			isa = XCConfigurationList;
			buildConfigurations = (
				6C7EBCFB219B249700B093BA /* Debug */,
				6C7EBCFC219B249700B093BA /* Release */,
			);
			defaultConfigurationIsVisible = 0;
			defaultConfigurationName = Release;
		};
/* End XCConfigurationList section */
	};
	rootObject = 6C7EBCC4219B249500B093BA /* Project object */;
}
