PODS:
  - TSToolKit_Swift (1.0.0)

DEPENDENCIES:
  - TSToolKit_Swift

SPEC REPOS:
  https://github.com/cocoapods/specs.git:
    - TSToolKit_Swift

SPEC CHECKSUMS:
  TSToolKit_Swift: 75b2eea3cca38aff7c5c84132af098797b30af6d

PODFILE CHECKSUM: 7e906fede1e900b7a5ed4356664c10c78160a628

COCOAPODS: 1.5.3
