// !$*UTF8*$!
{
	archiveVersion = 1;
	classes = {
	};
	objectVersion = 50;
	objects = {

/* Begin PBXBuildFile section */
		239BA84E16A7ACFBA85FDF7B /* Pods_WLToolsKitPodspecEdit.framework in Frameworks */ = {isa = PBXBuildFile; fileRef = 46B66455E5443019326528C3 /* Pods_WLToolsKitPodspecEdit.framework */; };
		6CC5F23B226035FE0078D135 /* main.m in Sources */ = {isa = PBXBuildFile; fileRef = 6CC5F23A226035FE0078D135 /* main.m */; };
/* End PBXBuildFile section */

/* Begin PBXCopyFilesBuildPhase section */
		6CC5F235226035FE0078D135 /* CopyFiles */ = {
			isa = PBXCopyFilesBuildPhase;
			buildActionMask = 2147483647;
			dstPath = /usr/share/man/man1/;
			dstSubfolderSpec = 0;
			files = (
			);
			runOnlyForDeploymentPostprocessing = 1;
		};
/* End PBXCopyFilesBuildPhase section */

/* Begin PBXFileReference section */
		1F0F2C9FF061946E1AF0D035 /* Pods-WLToolsKitPodspecEdit.release.xcconfig */ = {isa = PBXFileReference; includeInIndex = 1; lastKnownFileType = text.xcconfig; name = "Pods-WLToolsKitPodspecEdit.release.xcconfig"; path = "Target Support Files/Pods-WLToolsKitPodspecEdit/Pods-WLToolsKitPodspecEdit.release.xcconfig"; sourceTree = "<group>"; };
		46B66455E5443019326528C3 /* Pods_WLToolsKitPodspecEdit.framework */ = {isa = PBXFileReference; explicitFileType = wrapper.framework; includeInIndex = 0; path = Pods_WLToolsKitPodspecEdit.framework; sourceTree = BUILT_PRODUCTS_DIR; };
		642BBA7B9567027E3BF872A1 /* Pods-WLToolsKitPodspecEdit.debug.xcconfig */ = {isa = PBXFileReference; includeInIndex = 1; lastKnownFileType = text.xcconfig; name = "Pods-WLToolsKitPodspecEdit.debug.xcconfig"; path = "Target Support Files/Pods-WLToolsKitPodspecEdit/Pods-WLToolsKitPodspecEdit.debug.xcconfig"; sourceTree = "<group>"; };
		6CC5F237226035FE0078D135 /* WLToolsKitPodspecEdit */ = {isa = PBXFileReference; explicitFileType = "compiled.mach-o.executable"; includeInIndex = 0; path = WLToolsKitPodspecEdit; sourceTree = BUILT_PRODUCTS_DIR; };
		6CC5F23A226035FE0078D135 /* main.m */ = {isa = PBXFileReference; lastKnownFileType = sourcecode.c.objc; path = main.m; sourceTree = "<group>"; };
/* End PBXFileReference section */

/* Begin PBXFrameworksBuildPhase section */
		6CC5F234226035FE0078D135 /* Frameworks */ = {
			isa = PBXFrameworksBuildPhase;
			buildActionMask = 2147483647;
			files = (
				239BA84E16A7ACFBA85FDF7B /* Pods_WLToolsKitPodspecEdit.framework in Frameworks */,
			);
			runOnlyForDeploymentPostprocessing = 0;
		};
/* End PBXFrameworksBuildPhase section */

/* Begin PBXGroup section */
		6CC5F22E226035FE0078D135 = {
			isa = PBXGroup;
			children = (
				6CC5F239226035FE0078D135 /* WLToolsKitPodspecEdit */,
				6CC5F238226035FE0078D135 /* Products */,
				B2FEFDA7CD04E94BE7FA87DD /* Pods */,
				9A45D08B99BE0DB1C06B16D0 /* Frameworks */,
			);
			sourceTree = "<group>";
		};
		6CC5F238226035FE0078D135 /* Products */ = {
			isa = PBXGroup;
			children = (
				6CC5F237226035FE0078D135 /* WLToolsKitPodspecEdit */,
			);
			name = Products;
			sourceTree = "<group>";
		};
		6CC5F239226035FE0078D135 /* WLToolsKitPodspecEdit */ = {
			isa = PBXGroup;
			children = (
				6CC5F23A226035FE0078D135 /* main.m */,
			);
			path = WLToolsKitPodspecEdit;
			sourceTree = "<group>";
		};
		9A45D08B99BE0DB1C06B16D0 /* Frameworks */ = {
			isa = PBXGroup;
			children = (
				46B66455E5443019326528C3 /* Pods_WLToolsKitPodspecEdit.framework */,
			);
			name = Frameworks;
			sourceTree = "<group>";
		};
		B2FEFDA7CD04E94BE7FA87DD /* Pods */ = {
			isa = PBXGroup;
			children = (
				642BBA7B9567027E3BF872A1 /* Pods-WLToolsKitPodspecEdit.debug.xcconfig */,
				1F0F2C9FF061946E1AF0D035 /* Pods-WLToolsKitPodspecEdit.release.xcconfig */,
			);
			name = Pods;
			path = Pods;
			sourceTree = "<group>";
		};
/* End PBXGroup section */

/* Begin PBXNativeTarget section */
		6CC5F236226035FE0078D135 /* WLToolsKitPodspecEdit */ = {
			isa = PBXNativeTarget;
			buildConfigurationList = 6CC5F23E226035FE0078D135 /* Build configuration list for PBXNativeTarget "WLToolsKitPodspecEdit" */;
			buildPhases = (
				2A293C4322C5B3668F7626B8 /* [CP] Check Pods Manifest.lock */,
				6CC5F233226035FE0078D135 /* Sources */,
				6CC5F234226035FE0078D135 /* Frameworks */,
				6CC5F235226035FE0078D135 /* CopyFiles */,
			);
			buildRules = (
			);
			dependencies = (
			);
			name = WLToolsKitPodspecEdit;
			productName = WLToolsKitPodspecEdit;
			productReference = 6CC5F237226035FE0078D135 /* WLToolsKitPodspecEdit */;
			productType = "com.apple.product-type.tool";
		};
/* End PBXNativeTarget section */

/* Begin PBXProject section */
		6CC5F22F226035FE0078D135 /* Project object */ = {
			isa = PBXProject;
			attributes = {
				LastUpgradeCheck = 1020;
				ORGANIZATIONNAME = "three stone 王";
				TargetAttributes = {
					6CC5F236226035FE0078D135 = {
						CreatedOnToolsVersion = 10.2;
					};
				};
			};
			buildConfigurationList = 6CC5F232226035FE0078D135 /* Build configuration list for PBXProject "WLToolsKitPodspecEdit" */;
			compatibilityVersion = "Xcode 9.3";
			developmentRegion = en;
			hasScannedForEncodings = 0;
			knownRegions = (
				en,
			);
			mainGroup = 6CC5F22E226035FE0078D135;
			productRefGroup = 6CC5F238226035FE0078D135 /* Products */;
			projectDirPath = "";
			projectRoot = "";
			targets = (
				6CC5F236226035FE0078D135 /* WLToolsKitPodspecEdit */,
			);
		};
/* End PBXProject section */

/* Begin PBXShellScriptBuildPhase section */
		2A293C4322C5B3668F7626B8 /* [CP] Check Pods Manifest.lock */ = {
			isa = PBXShellScriptBuildPhase;
			buildActionMask = 2147483647;
			files = (
			);
			inputFileListPaths = (
			);
			inputPaths = (
				"${PODS_PODFILE_DIR_PATH}/Podfile.lock",
				"${PODS_ROOT}/Manifest.lock",
			);
			name = "[CP] Check Pods Manifest.lock";
			outputFileListPaths = (
			);
			outputPaths = (
				"$(DERIVED_FILE_DIR)/Pods-WLToolsKitPodspecEdit-checkManifestLockResult.txt",
			);
			runOnlyForDeploymentPostprocessing = 0;
			shellPath = /bin/sh;
			shellScript = "diff \"${PODS_PODFILE_DIR_PATH}/Podfile.lock\" \"${PODS_ROOT}/Manifest.lock\" > /dev/null\nif [ $? != 0 ] ; then\n    # print error to STDERR\n    echo \"error: The sandbox is not in sync with the Podfile.lock. Run 'pod install' or update your CocoaPods installation.\" >&2\n    exit 1\nfi\n# This output is used by Xcode 'outputs' to avoid re-running this script phase.\necho \"SUCCESS\" > \"${SCRIPT_OUTPUT_FILE_0}\"\n";
			showEnvVarsInLog = 0;
		};
/* End PBXShellScriptBuildPhase section */

/* Begin PBXSourcesBuildPhase section */
		6CC5F233226035FE0078D135 /* Sources */ = {
			isa = PBXSourcesBuildPhase;
			buildActionMask = 2147483647;
			files = (
				6CC5F23B226035FE0078D135 /* main.m in Sources */,
			);
			runOnlyForDeploymentPostprocessing = 0;
		};
/* End PBXSourcesBuildPhase section */

/* Begin XCBuildConfiguration section */
		6CC5F23C226035FE0078D135 /* Debug */ = {
			isa = XCBuildConfiguration;
			buildSettings = {
				ALWAYS_SEARCH_USER_PATHS = NO;
				CLANG_ANALYZER_NONNULL = YES;
				CLANG_ANALYZER_NUMBER_OBJECT_CONVERSION = YES_AGGRESSIVE;
				CLANG_CXX_LANGUAGE_STANDARD = "gnu++14";
				CLANG_CXX_LIBRARY = "libc++";
				CLANG_ENABLE_MODULES = YES;
				CLANG_ENABLE_OBJC_ARC = YES;
				CLANG_ENABLE_OBJC_WEAK = YES;
				CLANG_WARN_BLOCK_CAPTURE_AUTORELEASING = YES;
				CLANG_WARN_BOOL_CONVERSION = YES;
				CLANG_WARN_COMMA = YES;
				CLANG_WARN_CONSTANT_CONVERSION = YES;
				CLANG_WARN_DEPRECATED_OBJC_IMPLEMENTATIONS = YES;
				CLANG_WARN_DIRECT_OBJC_ISA_USAGE = YES_ERROR;
				CLANG_WARN_DOCUMENTATION_COMMENTS = YES;
				CLANG_WARN_EMPTY_BODY = YES;
				CLANG_WARN_ENUM_CONVERSION = YES;
				CLANG_WARN_INFINITE_RECURSION = YES;
				CLANG_WARN_INT_CONVERSION = YES;
				CLANG_WARN_NON_LITERAL_NULL_CONVERSION = YES;
				CLANG_WARN_OBJC_IMPLICIT_RETAIN_SELF = YES;
				CLANG_WARN_OBJC_LITERAL_CONVERSION = YES;
				CLANG_WARN_OBJC_ROOT_CLASS = YES_ERROR;
				CLANG_WARN_RANGE_LOOP_ANALYSIS = YES;
				CLANG_WARN_STRICT_PROTOTYPES = YES;
				CLANG_WARN_SUSPICIOUS_MOVE = YES;
				CLANG_WARN_UNGUARDED_AVAILABILITY = YES_AGGRESSIVE;
				CLANG_WARN_UNREACHABLE_CODE = YES;
				CLANG_WARN__DUPLICATE_METHOD_MATCH = YES;
				CODE_SIGN_IDENTITY = "-";
				COPY_PHASE_STRIP = NO;
				DEBUG_INFORMATION_FORMAT = dwarf;
				ENABLE_STRICT_OBJC_MSGSEND = YES;
				ENABLE_TESTABILITY = YES;
				GCC_C_LANGUAGE_STANDARD = gnu11;
				GCC_DYNAMIC_NO_PIC = NO;
				GCC_NO_COMMON_BLOCKS = YES;
				GCC_OPTIMIZATION_LEVEL = 0;
				GCC_PREPROCESSOR_DEFINITIONS = (
					"DEBUG=1",
					"$(inherited)",
				);
				GCC_WARN_64_TO_32_BIT_CONVERSION = YES;
				GCC_WARN_ABOUT_RETURN_TYPE = YES_ERROR;
				GCC_WARN_UNDECLARED_SELECTOR = YES;
				GCC_WARN_UNINITIALIZED_AUTOS = YES_AGGRESSIVE;
				GCC_WARN_UNUSED_FUNCTION = YES;
				GCC_WARN_UNUSED_VARIABLE = YES;
				MACOSX_DEPLOYMENT_TARGET = 10.14;
				MTL_ENABLE_DEBUG_INFO = INCLUDE_SOURCE;
				MTL_FAST_MATH = YES;
				ONLY_ACTIVE_ARCH = YES;
				SDKROOT = macosx;
			};
			name = Debug;
		};
		6CC5F23D226035FE0078D135 /* Release */ = {
			isa = XCBuildConfiguration;
			buildSettings = {
				ALWAYS_SEARCH_USER_PATHS = NO;
				CLANG_ANALYZER_NONNULL = YES;
				CLANG_ANALYZER_NUMBER_OBJECT_CONVERSION = YES_AGGRESSIVE;
				CLANG_CXX_LANGUAGE_STANDARD = "gnu++14";
				CLANG_CXX_LIBRARY = "libc++";
				CLANG_ENABLE_MODULES = YES;
				CLANG_ENABLE_OBJC_ARC = YES;
				CLANG_ENABLE_OBJC_WEAK = YES;
				CLANG_WARN_BLOCK_CAPTURE_AUTORELEASING = YES;
				CLANG_WARN_BOOL_CONVERSION = YES;
				CLANG_WARN_COMMA = YES;
				CLANG_WARN_CONSTANT_CONVERSION = YES;
				CLANG_WARN_DEPRECATED_OBJC_IMPLEMENTATIONS = YES;
				CLANG_WARN_DIRECT_OBJC_ISA_USAGE = YES_ERROR;
				CLANG_WARN_DOCUMENTATION_COMMENTS = YES;
				CLANG_WARN_EMPTY_BODY = YES;
				CLANG_WARN_ENUM_CONVERSION = YES;
				CLANG_WARN_INFINITE_RECURSION = YES;
				CLANG_WARN_INT_CONVERSION = YES;
				CLANG_WARN_NON_LITERAL_NULL_CONVERSION = YES;
				CLANG_WARN_OBJC_IMPLICIT_RETAIN_SELF = YES;
				CLANG_WARN_OBJC_LITERAL_CONVERSION = YES;
				CLANG_WARN_OBJC_ROOT_CLASS = YES_ERROR;
				CLANG_WARN_RANGE_LOOP_ANALYSIS = YES;
				CLANG_WARN_STRICT_PROTOTYPES = YES;
				CLANG_WARN_SUSPICIOUS_MOVE = YES;
				CLANG_WARN_UNGUARDED_AVAILABILITY = YES_AGGRESSIVE;
				CLANG_WARN_UNREACHABLE_CODE = YES;
				CLANG_WARN__DUPLICATE_METHOD_MATCH = YES;
				CODE_SIGN_IDENTITY = "-";
				COPY_PHASE_STRIP = NO;
				DEBUG_INFORMATION_FORMAT = "dwarf-with-dsym";
				ENABLE_NS_ASSERTIONS = NO;
				ENABLE_STRICT_OBJC_MSGSEND = YES;
				GCC_C_LANGUAGE_STANDARD = gnu11;
				GCC_NO_COMMON_BLOCKS = YES;
				GCC_WARN_64_TO_32_BIT_CONVERSION = YES;
				GCC_WARN_ABOUT_RETURN_TYPE = YES_ERROR;
				GCC_WARN_UNDECLARED_SELECTOR = YES;
				GCC_WARN_UNINITIALIZED_AUTOS = YES_AGGRESSIVE;
				GCC_WARN_UNUSED_FUNCTION = YES;
				GCC_WARN_UNUSED_VARIABLE = YES;
				MACOSX_DEPLOYMENT_TARGET = 10.14;
				MTL_ENABLE_DEBUG_INFO = NO;
				MTL_FAST_MATH = YES;
				SDKROOT = macosx;
			};
			name = Release;
		};
		6CC5F23F226035FE0078D135 /* Debug */ = {
			isa = XCBuildConfiguration;
			baseConfigurationReference = 642BBA7B9567027E3BF872A1 /* Pods-WLToolsKitPodspecEdit.debug.xcconfig */;
			buildSettings = {
				CODE_SIGN_STYLE = Automatic;
				PRODUCT_NAME = "$(TARGET_NAME)";
			};
			name = Debug;
		};
		6CC5F240226035FE0078D135 /* Release */ = {
			isa = XCBuildConfiguration;
			baseConfigurationReference = 1F0F2C9FF061946E1AF0D035 /* Pods-WLToolsKitPodspecEdit.release.xcconfig */;
			buildSettings = {
				CODE_SIGN_STYLE = Automatic;
				PRODUCT_NAME = "$(TARGET_NAME)";
			};
			name = Release;
		};
/* End XCBuildConfiguration section */

/* Begin XCConfigurationList section */
		6CC5F232226035FE0078D135 /* Build configuration list for PBXProject "WLToolsKitPodspecEdit" */ = {
			isa = XCConfigurationList;
			buildConfigurations = (
				6CC5F23C226035FE0078D135 /* Debug */,
				6CC5F23D226035FE0078D135 /* Release */,
			);
			defaultConfigurationIsVisible = 0;
			defaultConfigurationName = Release;
		};
		6CC5F23E226035FE0078D135 /* Build configuration list for PBXNativeTarget "WLToolsKitPodspecEdit" */ = {
			isa = XCConfigurationList;
			buildConfigurations = (
				6CC5F23F226035FE0078D135 /* Debug */,
				6CC5F240226035FE0078D135 /* Release */,
			);
			defaultConfigurationIsVisible = 0;
			defaultConfigurationName = Release;
		};
/* End XCConfigurationList section */
	};
	rootObject = 6CC5F22F226035FE0078D135 /* Project object */;
}
